
Microsoft Visual Studio Solution File, Format Version 12.00
# Visual Studio Version 17
VisualStudioVersion = 17.0.31903.59
MinimumVisualStudioVersion = 10.0.40219.1
Project("{2150E333-8FDC-42A3-9474-1A3956D46DE8}") = "src", "src", "{4C63486A-2986-4563-87DD-DB22D792FC72}"
EndProject
Project("{FAE04EC0-301F-11D3-BF4B-00C04F79EFBC}") = "DomainAI.Shared", "src\DomainAI.Shared\DomainAI.Shared.csproj", "{AA99D32F-8B0C-43BF-B060-325BA8CDD705}"
EndProject
Project("{FAE04EC0-301F-11D3-BF4B-00C04F79EFBC}") = "DomainAI.Orchestrator", "src\DomainAI.Orchestrator\DomainAI.Orchestrator.csproj", "{4340A29C-1077-41A4-A6FB-00FF762EE40F}"
EndProject
Project("{FAE04EC0-301F-11D3-BF4B-00C04F79EFBC}") = "DomainAI.Agents.MarketTrends", "src\DomainAI.Agents.MarketTrends\DomainAI.Agents.MarketTrends.csproj", "{345DE766-3B9B-474E-89C1-C03CC9755207}"
EndProject
Project("{FAE04EC0-301F-11D3-BF4B-00C04F79EFBC}") = "DomainAI.Agents.MarketTrends.Api", "src\DomainAI.Agents.MarketTrends.Api\DomainAI.Agents.MarketTrends.Api.csproj", "{B12A7E1C-5F3D-4B8E-A234-56789ABCDEF0}"
EndProject
Project("{FAE04EC0-301F-11D3-BF4B-00C04F79EFBC}") = "DomainAI.Agents.Compliance", "src\DomainAI.Agents.Compliance\DomainAI.Agents.Compliance.csproj", "{276BF5C5-9284-4E90-B39B-FDD5D56D4083}"
EndProject
Project("{FAE04EC0-301F-11D3-BF4B-00C04F79EFBC}") = "DomainAI.Agents.Compliance.Api", "src\DomainAI.Agents.Compliance.Api\DomainAI.Agents.Compliance.Api.csproj", "{C23B8F2D-6A4E-5C9F-B345-67890BCDEF01}"
EndProject
Project("{FAE04EC0-301F-11D3-BF4B-00C04F79EFBC}") = "DomainAI.Agents.Costing", "src\DomainAI.Agents.Costing\DomainAI.Agents.Costing.csproj", "{388ECD61-ED74-423D-ACE5-1B721866A083}"
EndProject
Project("{FAE04EC0-301F-11D3-BF4B-00C04F79EFBC}") = "DomainAI.Agents.Costing.Api", "src\DomainAI.Agents.Costing.Api\DomainAI.Agents.Costing.Api.csproj", "{D34C9G3E-7B5F-6D0G-C456-78901CDEF012}"
EndProject
Project("{FAE04EC0-301F-11D3-BF4B-00C04F79EFBC}") = "DomainAI.Agents.Reporting", "src\DomainAI.Agents.Reporting\DomainAI.Agents.Reporting.csproj", "{6A6CA468-4A08-445D-B570-AC3B5F322364}"
EndProject
Project("{FAE04EC0-301F-11D3-BF4B-00C04F79EFBC}") = "DomainAI.Agents.Reporting.Api", "src\DomainAI.Agents.Reporting.Api\DomainAI.Agents.Reporting.Api.csproj", "{E45D0H4F-8C6G-7E1H-D567-89012DEF0123}"
EndProject
Project("{FAE04EC0-301F-11D3-BF4B-00C04F79EFBC}") = "DomainAI.Host", "src\DomainAI.Host\DomainAI.Host.csproj", "{D9B56DD6-BBF0-4C89-AE6C-6973A155F00B}"
EndProject
Project("{2150E333-8FDC-42A3-9474-1A3956D46DE8}") = "tests", "tests", "{1B8D0AD6-095E-42A7-A257-762833BD640C}"
EndProject
Project("{FAE04EC0-301F-11D3-BF4B-00C04F79EFBC}") = "DomainAI.Tests", "tests\DomainAI.Tests\DomainAI.Tests.csproj", "{6CD0E50D-2BDD-4F40-93B8-5A1880F1F8AC}"
EndProject
Project("{FAE04EC0-301F-11D3-BF4B-00C04F79EFBC}") = "DomainAI.Orchestrator.Api", "src\DomainAI.Orchestrator.Api\DomainAI.Orchestrator.Api.csproj", "{F1FC1C65-338D-41A5-ABDC-885470E14E12}"
EndProject
Global
	GlobalSection(SolutionConfigurationPlatforms) = preSolution
		Debug|Any CPU = Debug|Any CPU
		Release|Any CPU = Release|Any CPU
	EndGlobalSection
	GlobalSection(SolutionProperties) = preSolution
		HideSolutionNode = FALSE
	EndGlobalSection
	GlobalSection(ProjectConfigurationPlatforms) = postSolution
		{AA99D32F-8B0C-43BF-B060-325BA8CDD705}.Debug|Any CPU.ActiveCfg = Debug|Any CPU
		{AA99D32F-8B0C-43BF-B060-325BA8CDD705}.Debug|Any CPU.Build.0 = Debug|Any CPU
		{AA99D32F-8B0C-43BF-B060-325BA8CDD705}.Release|Any CPU.ActiveCfg = Release|Any CPU
		{AA99D32F-8B0C-43BF-B060-325BA8CDD705}.Release|Any CPU.Build.0 = Release|Any CPU
		{4340A29C-1077-41A4-A6FB-00FF762EE40F}.Debug|Any CPU.ActiveCfg = Debug|Any CPU
		{4340A29C-1077-41A4-A6FB-00FF762EE40F}.Debug|Any CPU.Build.0 = Debug|Any CPU
		{4340A29C-1077-41A4-A6FB-00FF762EE40F}.Release|Any CPU.ActiveCfg = Release|Any CPU
		{4340A29C-1077-41A4-A6FB-00FF762EE40F}.Release|Any CPU.Build.0 = Release|Any CPU
		{345DE766-3B9B-474E-89C1-C03CC9755207}.Debug|Any CPU.ActiveCfg = Debug|Any CPU
		{345DE766-3B9B-474E-89C1-C03CC9755207}.Debug|Any CPU.Build.0 = Debug|Any CPU
		{345DE766-3B9B-474E-89C1-C03CC9755207}.Release|Any CPU.ActiveCfg = Release|Any CPU
		{345DE766-3B9B-474E-89C1-C03CC9755207}.Release|Any CPU.Build.0 = Release|Any CPU
		{B12A7E1C-5F3D-4B8E-A234-56789ABCDEF0}.Debug|Any CPU.ActiveCfg = Debug|Any CPU
		{B12A7E1C-5F3D-4B8E-A234-56789ABCDEF0}.Debug|Any CPU.Build.0 = Debug|Any CPU
		{B12A7E1C-5F3D-4B8E-A234-56789ABCDEF0}.Release|Any CPU.ActiveCfg = Release|Any CPU
		{B12A7E1C-5F3D-4B8E-A234-56789ABCDEF0}.Release|Any CPU.Build.0 = Release|Any CPU
		{276BF5C5-9284-4E90-B39B-FDD5D56D4083}.Debug|Any CPU.ActiveCfg = Debug|Any CPU
		{276BF5C5-9284-4E90-B39B-FDD5D56D4083}.Debug|Any CPU.Build.0 = Debug|Any CPU
		{276BF5C5-9284-4E90-B39B-FDD5D56D4083}.Release|Any CPU.ActiveCfg = Release|Any CPU
		{276BF5C5-9284-4E90-B39B-FDD5D56D4083}.Release|Any CPU.Build.0 = Release|Any CPU
		{C23B8F2D-6A4E-5C9F-B345-67890BCDEF01}.Debug|Any CPU.ActiveCfg = Debug|Any CPU
		{C23B8F2D-6A4E-5C9F-B345-67890BCDEF01}.Debug|Any CPU.Build.0 = Debug|Any CPU
		{C23B8F2D-6A4E-5C9F-B345-67890BCDEF01}.Release|Any CPU.ActiveCfg = Release|Any CPU
		{C23B8F2D-6A4E-5C9F-B345-67890BCDEF01}.Release|Any CPU.Build.0 = Release|Any CPU
		{388ECD61-ED74-423D-ACE5-1B721866A083}.Debug|Any CPU.ActiveCfg = Debug|Any CPU
		{388ECD61-ED74-423D-ACE5-1B721866A083}.Debug|Any CPU.Build.0 = Debug|Any CPU
		{388ECD61-ED74-423D-ACE5-1B721866A083}.Release|Any CPU.ActiveCfg = Release|Any CPU
		{388ECD61-ED74-423D-ACE5-1B721866A083}.Release|Any CPU.Build.0 = Release|Any CPU
		{D34C9G3E-7B5F-6D0G-C456-78901CDEF012}.Debug|Any CPU.ActiveCfg = Debug|Any CPU
		{D34C9G3E-7B5F-6D0G-C456-78901CDEF012}.Debug|Any CPU.Build.0 = Debug|Any CPU
		{D34C9G3E-7B5F-6D0G-C456-78901CDEF012}.Release|Any CPU.ActiveCfg = Release|Any CPU
		{D34C9G3E-7B5F-6D0G-C456-78901CDEF012}.Release|Any CPU.Build.0 = Release|Any CPU
		{6A6CA468-4A08-445D-B570-AC3B5F322364}.Debug|Any CPU.ActiveCfg = Debug|Any CPU
		{6A6CA468-4A08-445D-B570-AC3B5F322364}.Debug|Any CPU.Build.0 = Debug|Any CPU
		{6A6CA468-4A08-445D-B570-AC3B5F322364}.Release|Any CPU.ActiveCfg = Release|Any CPU
		{6A6CA468-4A08-445D-B570-AC3B5F322364}.Release|Any CPU.Build.0 = Release|Any CPU
		{E45D0H4F-8C6G-7E1H-D567-89012DEF0123}.Debug|Any CPU.ActiveCfg = Debug|Any CPU
		{E45D0H4F-8C6G-7E1H-D567-89012DEF0123}.Debug|Any CPU.Build.0 = Debug|Any CPU
		{E45D0H4F-8C6G-7E1H-D567-89012DEF0123}.Release|Any CPU.ActiveCfg = Release|Any CPU
		{E45D0H4F-8C6G-7E1H-D567-89012DEF0123}.Release|Any CPU.Build.0 = Release|Any CPU
		{D9B56DD6-BBF0-4C89-AE6C-6973A155F00B}.Debug|Any CPU.ActiveCfg = Debug|Any CPU
		{D9B56DD6-BBF0-4C89-AE6C-6973A155F00B}.Debug|Any CPU.Build.0 = Debug|Any CPU
		{D9B56DD6-BBF0-4C89-AE6C-6973A155F00B}.Release|Any CPU.ActiveCfg = Release|Any CPU
		{D9B56DD6-BBF0-4C89-AE6C-6973A155F00B}.Release|Any CPU.Build.0 = Release|Any CPU
		{6CD0E50D-2BDD-4F40-93B8-5A1880F1F8AC}.Debug|Any CPU.ActiveCfg = Debug|Any CPU
		{6CD0E50D-2BDD-4F40-93B8-5A1880F1F8AC}.Debug|Any CPU.Build.0 = Debug|Any CPU
		{6CD0E50D-2BDD-4F40-93B8-5A1880F1F8AC}.Release|Any CPU.ActiveCfg = Release|Any CPU
		{6CD0E50D-2BDD-4F40-93B8-5A1880F1F8AC}.Release|Any CPU.Build.0 = Release|Any CPU
		{F1FC1C65-338D-41A5-ABDC-885470E14E12}.Debug|Any CPU.ActiveCfg = Debug|Any CPU
		{F1FC1C65-338D-41A5-ABDC-885470E14E12}.Debug|Any CPU.Build.0 = Debug|Any CPU
		{F1FC1C65-338D-41A5-ABDC-885470E14E12}.Release|Any CPU.ActiveCfg = Release|Any CPU
		{F1FC1C65-338D-41A5-ABDC-885470E14E12}.Release|Any CPU.Build.0 = Release|Any CPU
	EndGlobalSection
	GlobalSection(NestedProjects) = preSolution
		{AA99D32F-8B0C-43BF-B060-325BA8CDD705} = {4C63486A-2986-4563-87DD-DB22D792FC72}
		{4340A29C-1077-41A4-A6FB-00FF762EE40F} = {4C63486A-2986-4563-87DD-DB22D792FC72}
		{345DE766-3B9B-474E-89C1-C03CC9755207} = {4C63486A-2986-4563-87DD-DB22D792FC72}
		{B12A7E1C-5F3D-4B8E-A234-56789ABCDEF0} = {4C63486A-2986-4563-87DD-DB22D792FC72}
		{276BF5C5-9284-4E90-B39B-FDD5D56D4083} = {4C63486A-2986-4563-87DD-DB22D792FC72}
		{C23B8F2D-6A4E-5C9F-B345-67890BCDEF01} = {4C63486A-2986-4563-87DD-DB22D792FC72}
		{388ECD61-ED74-423D-ACE5-1B721866A083} = {4C63486A-2986-4563-87DD-DB22D792FC72}
		{D34C9G3E-7B5F-6D0G-C456-78901CDEF012} = {4C63486A-2986-4563-87DD-DB22D792FC72}
		{6A6CA468-4A08-445D-B570-AC3B5F322364} = {4C63486A-2986-4563-87DD-DB22D792FC72}
		{E45D0H4F-8C6G-7E1H-D567-89012DEF0123} = {4C63486A-2986-4563-87DD-DB22D792FC72}
		{D9B56DD6-BBF0-4C89-AE6C-6973A155F00B} = {4C63486A-2986-4563-87DD-DB22D792FC72}
		{6CD0E50D-2BDD-4F40-93B8-5A1880F1F8AC} = {1B8D0AD6-095E-42A7-A257-762833BD640C}
		{F1FC1C65-338D-41A5-ABDC-885470E14E12} = {4C63486A-2986-4563-87DD-DB22D792FC72}
	EndGlobalSection
EndGlobal
